PODS:
  - Gifu (2.0.1)
  - HGCircularSlider (2.0.0)

DEPENDENCIES:
  - Gifu
  - HGCircularSlider (~> 2.0.0)

SPEC CHECKSUMS:
  Gifu: 90bd26ea4d65f8322c4cca8cbb0ca1418f5457ad
  HGCircularSlider: 92e2ee098c814709f455b8f46cd9008147f6a869

PODFILE CHECKSUM: b2c57b562bb143388c738bd248f182c884bfad14

COCOAPODS: 1.2.1
